// !$*UTF8*$!
{
	archiveVersion = 1;
	classes = {
	};
	objectVersion = 46;
	objects = {

/* Begin PBXBuildFile section */
		4DB2D71D1D13EE36005E2A03 /* ChuckNation.m in Sources */ = {isa = PBXBuildFile; fileRef = 4DB2D71C1D13EE36005E2A03 /* ChuckNation.m */; };
		4DB2D7231D13EEA1005E2A03 /* Patch.m in Sources */ = {isa = PBXBuildFile; fileRef = 4DB2D7221D13EEA1005E2A03 /* Patch.m */; };
		AD6A63511D14A3ED009B027E /* PatchListViewController.xib in Resources */ = {isa = PBXBuildFile; fileRef = AD6A63501D14A3ED009B027E /* PatchListViewController.xib */; };
		ADE4565E1D13704A00F046DD /* main.m in Sources */ = {isa = PBXBuildFile; fileRef = ADE4565D1D13704A00F046DD /* main.m */; };
		ADE456611D13704A00F046DD /* AppDelegate.m in Sources */ = {isa = PBXBuildFile; fileRef = ADE456601D13704A00F046DD /* AppDelegate.m */; };
		ADE456641D13704A00F046DD /* PatchListViewController.m in Sources */ = {isa = PBXBuildFile; fileRef = ADE456631D13704A00F046DD /* PatchListViewController.m */; };
		ADE456691D13704A00F046DD /* Assets.xcassets in Resources */ = {isa = PBXBuildFile; fileRef = ADE456681D13704A00F046DD /* Assets.xcassets */; };
		ADE456851D1376D100F046DD /* AFHTTPSessionManager.m in Sources */ = {isa = PBXBuildFile; fileRef = ADE456791D1376D100F046DD /* AFHTTPSessionManager.m */; };
		ADE456861D1376D100F046DD /* AFNetworkReachabilityManager.m in Sources */ = {isa = PBXBuildFile; fileRef = ADE4567C1D1376D100F046DD /* AFNetworkReachabilityManager.m */; };
		ADE456871D1376D100F046DD /* AFSecurityPolicy.m in Sources */ = {isa = PBXBuildFile; fileRef = ADE4567E1D1376D100F046DD /* AFSecurityPolicy.m */; };
		ADE456881D1376D100F046DD /* AFURLRequestSerialization.m in Sources */ = {isa = PBXBuildFile; fileRef = ADE456801D1376D100F046DD /* AFURLRequestSerialization.m */; };
		ADE456891D1376D100F046DD /* AFURLResponseSerialization.m in Sources */ = {isa = PBXBuildFile; fileRef = ADE456821D1376D100F046DD /* AFURLResponseSerialization.m */; };
		ADE4568A1D1376D100F046DD /* AFURLSessionManager.m in Sources */ = {isa = PBXBuildFile; fileRef = ADE456841D1376D100F046DD /* AFURLSessionManager.m */; };
/* End PBXBuildFile section */

/* Begin PBXFileReference section */
		4DB2D71C1D13EE36005E2A03 /* ChuckNation.m */ = {isa = PBXFileReference; fileEncoding = 4; lastKnownFileType = sourcecode.c.objc; name = ChuckNation.m; path = "chuck-nation/ChuckNation.m"; sourceTree = "<group>"; };
		4DB2D71E1D13EE55005E2A03 /* ChuckNation.h */ = {isa = PBXFileReference; fileEncoding = 4; lastKnownFileType = sourcecode.c.h; name = ChuckNation.h; path = "chuck-nation/ChuckNation.h"; sourceTree = "<group>"; };
		4DB2D71F1D13EE79005E2A03 /* Patch.h */ = {isa = PBXFileReference; fileEncoding = 4; lastKnownFileType = sourcecode.c.h; name = Patch.h; path = "chuck-nation/Patch.h"; sourceTree = "<group>"; };
		4DB2D7221D13EEA1005E2A03 /* Patch.m */ = {isa = PBXFileReference; fileEncoding = 4; lastKnownFileType = sourcecode.c.objc; name = Patch.m; path = "chuck-nation/Patch.m"; sourceTree = "<group>"; };
		AD6A63501D14A3ED009B027E /* PatchListViewController.xib */ = {isa = PBXFileReference; fileEncoding = 4; lastKnownFileType = file.xib; path = PatchListViewController.xib; sourceTree = "<group>"; };
		ADE456591D13704A00F046DD /* chuck-nation-ios.app */ = {isa = PBXFileReference; explicitFileType = wrapper.application; includeInIndex = 0; path = "chuck-nation-ios.app"; sourceTree = BUILT_PRODUCTS_DIR; };
		ADE4565D1D13704A00F046DD /* main.m */ = {isa = PBXFileReference; lastKnownFileType = sourcecode.c.objc; path = main.m; sourceTree = "<group>"; };
		ADE4565F1D13704A00F046DD /* AppDelegate.h */ = {isa = PBXFileReference; lastKnownFileType = sourcecode.c.h; path = AppDelegate.h; sourceTree = "<group>"; };
		ADE456601D13704A00F046DD /* AppDelegate.m */ = {isa = PBXFileReference; lastKnownFileType = sourcecode.c.objc; path = AppDelegate.m; sourceTree = "<group>"; };
		ADE456621D13704A00F046DD /* PatchListViewController.h */ = {isa = PBXFileReference; lastKnownFileType = sourcecode.c.h; path = PatchListViewController.h; sourceTree = "<group>"; };
		ADE456631D13704A00F046DD /* PatchListViewController.m */ = {isa = PBXFileReference; lastKnownFileType = sourcecode.c.objc; path = PatchListViewController.m; sourceTree = "<group>"; };
		ADE456681D13704A00F046DD /* Assets.xcassets */ = {isa = PBXFileReference; lastKnownFileType = folder.assetcatalog; path = Assets.xcassets; sourceTree = "<group>"; };
		ADE4566D1D13704A00F046DD /* Info.plist */ = {isa = PBXFileReference; lastKnownFileType = text.plist.xml; path = Info.plist; sourceTree = "<group>"; };
		ADE456781D1376D100F046DD /* AFHTTPSessionManager.h */ = {isa = PBXFileReference; fileEncoding = 4; lastKnownFileType = sourcecode.c.h; path = AFHTTPSessionManager.h; sourceTree = "<group>"; };
		ADE456791D1376D100F046DD /* AFHTTPSessionManager.m */ = {isa = PBXFileReference; fileEncoding = 4; lastKnownFileType = sourcecode.c.objc; path = AFHTTPSessionManager.m; sourceTree = "<group>"; };
		ADE4567A1D1376D100F046DD /* AFNetworking.h */ = {isa = PBXFileReference; fileEncoding = 4; lastKnownFileType = sourcecode.c.h; path = AFNetworking.h; sourceTree = "<group>"; };
		ADE4567B1D1376D100F046DD /* AFNetworkReachabilityManager.h */ = {isa = PBXFileReference; fileEncoding = 4; lastKnownFileType = sourcecode.c.h; path = AFNetworkReachabilityManager.h; sourceTree = "<group>"; };
		ADE4567C1D1376D100F046DD /* AFNetworkReachabilityManager.m */ = {isa = PBXFileReference; fileEncoding = 4; lastKnownFileType = sourcecode.c.objc; path = AFNetworkReachabilityManager.m; sourceTree = "<group>"; };
		ADE4567D1D1376D100F046DD /* AFSecurityPolicy.h */ = {isa = PBXFileReference; fileEncoding = 4; lastKnownFileType = sourcecode.c.h; path = AFSecurityPolicy.h; sourceTree = "<group>"; };
		ADE4567E1D1376D100F046DD /* AFSecurityPolicy.m */ = {isa = PBXFileReference; fileEncoding = 4; lastKnownFileType = sourcecode.c.objc; path = AFSecurityPolicy.m; sourceTree = "<group>"; };
		ADE4567F1D1376D100F046DD /* AFURLRequestSerialization.h */ = {isa = PBXFileReference; fileEncoding = 4; lastKnownFileType = sourcecode.c.h; path = AFURLRequestSerialization.h; sourceTree = "<group>"; };
		ADE456801D1376D100F046DD /* AFURLRequestSerialization.m */ = {isa = PBXFileReference; fileEncoding = 4; lastKnownFileType = sourcecode.c.objc; path = AFURLRequestSerialization.m; sourceTree = "<group>"; };
		ADE456811D1376D100F046DD /* AFURLResponseSerialization.h */ = {isa = PBXFileReference; fileEncoding = 4; lastKnownFileType = sourcecode.c.h; path = AFURLResponseSerialization.h; sourceTree = "<group>"; };
		ADE456821D1376D100F046DD /* AFURLResponseSerialization.m */ = {isa = PBXFileReference; fileEncoding = 4; lastKnownFileType = sourcecode.c.objc; path = AFURLResponseSerialization.m; sourceTree = "<group>"; };
		ADE456831D1376D100F046DD /* AFURLSessionManager.h */ = {isa = PBXFileReference; fileEncoding = 4; lastKnownFileType = sourcecode.c.h; path = AFURLSessionManager.h; sourceTree = "<group>"; };
		ADE456841D1376D100F046DD /* AFURLSessionManager.m */ = {isa = PBXFileReference; fileEncoding = 4; lastKnownFileType = sourcecode.c.objc; path = AFURLSessionManager.m; sourceTree = "<group>"; };
/* End PBXFileReference section */

/* Begin PBXFrameworksBuildPhase section */
		ADE456561D13704A00F046DD /* Frameworks */ = {
			isa = PBXFrameworksBuildPhase;
			buildActionMask = 2147483647;
			files = (
			);
			runOnlyForDeploymentPostprocessing = 0;
		};
/* End PBXFrameworksBuildPhase section */

/* Begin PBXGroup section */
		4DB2D71B1D13EE04005E2A03 /* chuck-nation */ = {
			isa = PBXGroup;
			children = (
				4DB2D71E1D13EE55005E2A03 /* ChuckNation.h */,
				4DB2D71C1D13EE36005E2A03 /* ChuckNation.m */,
				4DB2D71F1D13EE79005E2A03 /* Patch.h */,
				4DB2D7221D13EEA1005E2A03 /* Patch.m */,
			);
			name = "chuck-nation";
			sourceTree = "<group>";
		};
		ADE456501D13704A00F046DD = {
			isa = PBXGroup;
			children = (
				ADE4565B1D13704A00F046DD /* chuck-nation-ios */,
				ADE4565A1D13704A00F046DD /* Products */,
			);
			sourceTree = "<group>";
		};
		ADE4565A1D13704A00F046DD /* Products */ = {
			isa = PBXGroup;
			children = (
				ADE456591D13704A00F046DD /* chuck-nation-ios.app */,
			);
			name = Products;
			sourceTree = "<group>";
		};
		ADE4565B1D13704A00F046DD /* chuck-nation-ios */ = {
			isa = PBXGroup;
			children = (
				ADE456771D1376D100F046DD /* AFNetworking */,
				4DB2D71B1D13EE04005E2A03 /* chuck-nation */,
				ADE4565F1D13704A00F046DD /* AppDelegate.h */,
				ADE456601D13704A00F046DD /* AppDelegate.m */,
				ADE4566D1D13704A00F046DD /* Info.plist */,
				ADE456621D13704A00F046DD /* PatchListViewController.h */,
				ADE456631D13704A00F046DD /* PatchListViewController.m */,
				AD6A63501D14A3ED009B027E /* PatchListViewController.xib */,
				ADE456681D13704A00F046DD /* Assets.xcassets */,
				ADE4565C1D13704A00F046DD /* Supporting Files */,
			);
			path = "chuck-nation-ios";
			sourceTree = "<group>";
		};
		ADE4565C1D13704A00F046DD /* Supporting Files */ = {
			isa = PBXGroup;
			children = (
				ADE4565D1D13704A00F046DD /* main.m */,
			);
			name = "Supporting Files";
			sourceTree = "<group>";
		};
		ADE456771D1376D100F046DD /* AFNetworking */ = {
			isa = PBXGroup;
			children = (
				ADE456781D1376D100F046DD /* AFHTTPSessionManager.h */,
				ADE456791D1376D100F046DD /* AFHTTPSessionManager.m */,
				ADE4567A1D1376D100F046DD /* AFNetworking.h */,
				ADE4567B1D1376D100F046DD /* AFNetworkReachabilityManager.h */,
				ADE4567C1D1376D100F046DD /* AFNetworkReachabilityManager.m */,
				ADE4567D1D1376D100F046DD /* AFSecurityPolicy.h */,
				ADE4567E1D1376D100F046DD /* AFSecurityPolicy.m */,
				ADE4567F1D1376D100F046DD /* AFURLRequestSerialization.h */,
				ADE456801D1376D100F046DD /* AFURLRequestSerialization.m */,
				ADE456811D1376D100F046DD /* AFURLResponseSerialization.h */,
				ADE456821D1376D100F046DD /* AFURLResponseSerialization.m */,
				ADE456831D1376D100F046DD /* AFURLSessionManager.h */,
				ADE456841D1376D100F046DD /* AFURLSessionManager.m */,
			);
			path = AFNetworking;
			sourceTree = "<group>";
		};
/* End PBXGroup section */

/* Begin PBXNativeTarget section */
		ADE456581D13704A00F046DD /* chuck-nation-ios */ = {
			isa = PBXNativeTarget;
			buildConfigurationList = ADE456701D13704A00F046DD /* Build configuration list for PBXNativeTarget "chuck-nation-ios" */;
			buildPhases = (
				ADE456551D13704A00F046DD /* Sources */,
				ADE456561D13704A00F046DD /* Frameworks */,
				ADE456571D13704A00F046DD /* Resources */,
			);
			buildRules = (
			);
			dependencies = (
			);
			name = "chuck-nation-ios";
			productName = "chuck-nation-ios";
			productReference = ADE456591D13704A00F046DD /* chuck-nation-ios.app */;
			productType = "com.apple.product-type.application";
		};
/* End PBXNativeTarget section */

/* Begin PBXProject section */
		ADE456511D13704A00F046DD /* Project object */ = {
			isa = PBXProject;
			attributes = {
				LastUpgradeCheck = 0730;
				TargetAttributes = {
					ADE456581D13704A00F046DD = {
						CreatedOnToolsVersion = 7.3.1;
					};
				};
			};
			buildConfigurationList = ADE456541D13704A00F046DD /* Build configuration list for PBXProject "chuck-nation-ios" */;
			compatibilityVersion = "Xcode 3.2";
			developmentRegion = English;
			hasScannedForEncodings = 0;
			knownRegions = (
				en,
				Base,
			);
			mainGroup = ADE456501D13704A00F046DD;
			productRefGroup = ADE4565A1D13704A00F046DD /* Products */;
			projectDirPath = "";
			projectRoot = "";
			targets = (
				ADE456581D13704A00F046DD /* chuck-nation-ios */,
			);
		};
/* End PBXProject section */

/* Begin PBXResourcesBuildPhase section */
		ADE456571D13704A00F046DD /* Resources */ = {
			isa = PBXResourcesBuildPhase;
			buildActionMask = 2147483647;
			files = (
				AD6A63511D14A3ED009B027E /* PatchListViewController.xib in Resources */,
				ADE456691D13704A00F046DD /* Assets.xcassets in Resources */,
			);
			runOnlyForDeploymentPostprocessing = 0;
		};
/* End PBXResourcesBuildPhase section */

/* Begin PBXSourcesBuildPhase section */
		ADE456551D13704A00F046DD /* Sources */ = {
			isa = PBXSourcesBuildPhase;
			buildActionMask = 2147483647;
			files = (
				ADE4568A1D1376D100F046DD /* AFURLSessionManager.m in Sources */,
				ADE456641D13704A00F046DD /* PatchListViewController.m in Sources */,
				ADE456611D13704A00F046DD /* AppDelegate.m in Sources */,
				ADE456861D1376D100F046DD /* AFNetworkReachabilityManager.m in Sources */,
				ADE4565E1D13704A00F046DD /* main.m in Sources */,
				ADE456871D1376D100F046DD /* AFSecurityPolicy.m in Sources */,
				ADE456881D1376D100F046DD /* AFURLRequestSerialization.m in Sources */,
				ADE456891D1376D100F046DD /* AFURLResponseSerialization.m in Sources */,
				ADE456851D1376D100F046DD /* AFHTTPSessionManager.m in Sources */,
				4DB2D7231D13EEA1005E2A03 /* Patch.m in Sources */,
				4DB2D71D1D13EE36005E2A03 /* ChuckNation.m in Sources */,
			);
			runOnlyForDeploymentPostprocessing = 0;
		};
/* End PBXSourcesBuildPhase section */

/* Begin XCBuildConfiguration section */
		ADE4566E1D13704A00F046DD /* Debug */ = {
			isa = XCBuildConfiguration;
			buildSettings = {
				ALWAYS_SEARCH_USER_PATHS = NO;
				CLANG_ANALYZER_NONNULL = YES;
				CLANG_CXX_LANGUAGE_STANDARD = "gnu++0x";
				CLANG_CXX_LIBRARY = "libc++";
				CLANG_ENABLE_MODULES = YES;
				CLANG_ENABLE_OBJC_ARC = YES;
				CLANG_WARN_BOOL_CONVERSION = YES;
				CLANG_WARN_CONSTANT_CONVERSION = YES;
				CLANG_WARN_DIRECT_OBJC_ISA_USAGE = YES_ERROR;
				CLANG_WARN_EMPTY_BODY = YES;
				CLANG_WARN_ENUM_CONVERSION = YES;
				CLANG_WARN_INT_CONVERSION = YES;
				CLANG_WARN_OBJC_ROOT_CLASS = YES_ERROR;
				CLANG_WARN_UNREACHABLE_CODE = YES;
				CLANG_WARN__DUPLICATE_METHOD_MATCH = YES;
				"CODE_SIGN_IDENTITY[sdk=iphoneos*]" = "iPhone Developer";
				COPY_PHASE_STRIP = NO;
				DEBUG_INFORMATION_FORMAT = dwarf;
				ENABLE_STRICT_OBJC_MSGSEND = YES;
				ENABLE_TESTABILITY = YES;
				GCC_C_LANGUAGE_STANDARD = gnu99;
				GCC_DYNAMIC_NO_PIC = NO;
				GCC_NO_COMMON_BLOCKS = YES;
				GCC_OPTIMIZATION_LEVEL = 0;
				GCC_PREPROCESSOR_DEFINITIONS = (
					"DEBUG=1",
					"$(inherited)",
				);
				GCC_WARN_64_TO_32_BIT_CONVERSION = YES;
				GCC_WARN_ABOUT_RETURN_TYPE = YES_ERROR;
				GCC_WARN_UNDECLARED_SELECTOR = YES;
				GCC_WARN_UNINITIALIZED_AUTOS = YES_AGGRESSIVE;
				GCC_WARN_UNUSED_FUNCTION = YES;
				GCC_WARN_UNUSED_VARIABLE = YES;
				IPHONEOS_DEPLOYMENT_TARGET = 9.3;
				MTL_ENABLE_DEBUG_INFO = YES;
				ONLY_ACTIVE_ARCH = YES;
				SDKROOT = iphoneos;
				TARGETED_DEVICE_FAMILY = "1,2";
			};
			name = Debug;
		};
		ADE4566F1D13704A00F046DD /* Release */ = {
			isa = XCBuildConfiguration;
			buildSettings = {
				ALWAYS_SEARCH_USER_PATHS = NO;
				CLANG_ANALYZER_NONNULL = YES;
				CLANG_CXX_LANGUAGE_STANDARD = "gnu++0x";
				CLANG_CXX_LIBRARY = "libc++";
				CLANG_ENABLE_MODULES = YES;
				CLANG_ENABLE_OBJC_ARC = YES;
				CLANG_WARN_BOOL_CONVERSION = YES;
				CLANG_WARN_CONSTANT_CONVERSION = YES;
				CLANG_WARN_DIRECT_OBJC_ISA_USAGE = YES_ERROR;
				CLANG_WARN_EMPTY_BODY = YES;
				CLANG_WARN_ENUM_CONVERSION = YES;
				CLANG_WARN_INT_CONVERSION = YES;
				CLANG_WARN_OBJC_ROOT_CLASS = YES_ERROR;
				CLANG_WARN_UNREACHABLE_CODE = YES;
				CLANG_WARN__DUPLICATE_METHOD_MATCH = YES;
				"CODE_SIGN_IDENTITY[sdk=iphoneos*]" = "iPhone Developer";
				COPY_PHASE_STRIP = NO;
				DEBUG_INFORMATION_FORMAT = "dwarf-with-dsym";
				ENABLE_NS_ASSERTIONS = NO;
				ENABLE_STRICT_OBJC_MSGSEND = YES;
				GCC_C_LANGUAGE_STANDARD = gnu99;
				GCC_NO_COMMON_BLOCKS = YES;
				GCC_WARN_64_TO_32_BIT_CONVERSION = YES;
				GCC_WARN_ABOUT_RETURN_TYPE = YES_ERROR;
				GCC_WARN_UNDECLARED_SELECTOR = YES;
				GCC_WARN_UNINITIALIZED_AUTOS = YES_AGGRESSIVE;
				GCC_WARN_UNUSED_FUNCTION = YES;
				GCC_WARN_UNUSED_VARIABLE = YES;
				IPHONEOS_DEPLOYMENT_TARGET = 9.3;
				MTL_ENABLE_DEBUG_INFO = NO;
				SDKROOT = iphoneos;
				TARGETED_DEVICE_FAMILY = "1,2";
				VALIDATE_PRODUCT = YES;
			};
			name = Release;
		};
		ADE456711D13704A00F046DD /* Debug */ = {
			isa = XCBuildConfiguration;
			buildSettings = {
				ASSETCATALOG_COMPILER_APPICON_NAME = AppIcon;
				ASSETCATALOG_COMPILER_LAUNCHIMAGE_NAME = "Brand Assets";
				INFOPLIST_FILE = "chuck-nation-ios/Info.plist";
				LD_RUNPATH_SEARCH_PATHS = "$(inherited) @executable_path/Frameworks";
				PRODUCT_BUNDLE_IDENTIFIER = "mark.gg.chuck-nation-ios";
				PRODUCT_NAME = "$(TARGET_NAME)";
			};
			name = Debug;
		};
		ADE456721D13704A00F046DD /* Release */ = {
			isa = XCBuildConfiguration;
			buildSettings = {
				ASSETCATALOG_COMPILER_APPICON_NAME = AppIcon;
				ASSETCATALOG_COMPILER_LAUNCHIMAGE_NAME = "Brand Assets";
				INFOPLIST_FILE = "chuck-nation-ios/Info.plist";
				LD_RUNPATH_SEARCH_PATHS = "$(inherited) @executable_path/Frameworks";
				PRODUCT_BUNDLE_IDENTIFIER = "mark.gg.chuck-nation-ios";
				PRODUCT_NAME = "$(TARGET_NAME)";
			};
			name = Release;
		};
/* End XCBuildConfiguration section */

/* Begin XCConfigurationList section */
		ADE456541D13704A00F046DD /* Build configuration list for PBXProject "chuck-nation-ios" */ = {
			isa = XCConfigurationList;
			buildConfigurations = (
				ADE4566E1D13704A00F046DD /* Debug */,
				ADE4566F1D13704A00F046DD /* Release */,
			);
			defaultConfigurationIsVisible = 0;
			defaultConfigurationName = Release;
		};
		ADE456701D13704A00F046DD /* Build configuration list for PBXNativeTarget "chuck-nation-ios" */ = {
			isa = XCConfigurationList;
			buildConfigurations = (
				ADE456711D13704A00F046DD /* Debug */,
				ADE456721D13704A00F046DD /* Release */,
			);
			defaultConfigurationIsVisible = 0;
			defaultConfigurationName = Release;
		};
/* End XCConfigurationList section */
	};
	rootObject = ADE456511D13704A00F046DD /* Project object */;
}
